// !$*UTF8*$!
{
	archiveVersion = 1;
	classes = {
	};
	objectVersion = 50;
	objects = {

/* Begin PBXBuildFile section */
		0686F8DD2110ECF600687BA6 /* AppDelegate.swift in Sources */ = {isa = PBXBuildFile; fileRef = 0686F8DC2110ECF600687BA6 /* AppDelegate.swift */; };
		0686F8DF2110ECF600687BA6 /* ViewController.swift in Sources */ = {isa = PBXBuildFile; fileRef = 0686F8DE2110ECF600687BA6 /* ViewController.swift */; };
		0686F8E22110ECF600687BA6 /* Main.storyboard in Resources */ = {isa = PBXBuildFile; fileRef = 0686F8E02110ECF600687BA6 /* Main.storyboard */; };
		0686F8E42110ECF700687BA6 /* Assets.xcassets in Resources */ = {isa = PBXBuildFile; fileRef = 0686F8E32110ECF700687BA6 /* Assets.xcassets */; };
		0686F8E72110ECF700687BA6 /* LaunchScreen.storyboard in Resources */ = {isa = PBXBuildFile; fileRef = 0686F8E52110ECF700687BA6 /* LaunchScreen.storyboard */; };
		06AD371F2111BFAA0060AC67 /* ViewController.swift in Sources */ = {isa = PBXBuildFile; fileRef = 0686F8DE2110ECF600687BA6 /* ViewController.swift */; };
		06AD37202111BFAA0060AC67 /* Fox.swift in Sources */ = {isa = PBXBuildFile; fileRef = 06CB631E2111AE7F008DB103 /* Fox.swift */; };
		06AD37212111BFAA0060AC67 /* Endpoints.swift in Sources */ = {isa = PBXBuildFile; fileRef = 06CB631B2111AC33008DB103 /* Endpoints.swift */; };
		06AD37222111BFAA0060AC67 /* AppDelegate.swift in Sources */ = {isa = PBXBuildFile; fileRef = 0686F8DC2110ECF600687BA6 /* AppDelegate.swift */; };
		06AD37252111BFAA0060AC67 /* LaunchScreen.storyboard in Resources */ = {isa = PBXBuildFile; fileRef = 0686F8E52110ECF700687BA6 /* LaunchScreen.storyboard */; };
		06AD37262111BFAA0060AC67 /* Assets.xcassets in Resources */ = {isa = PBXBuildFile; fileRef = 0686F8E32110ECF700687BA6 /* Assets.xcassets */; };
		06AD37272111BFAA0060AC67 /* Main.storyboard in Resources */ = {isa = PBXBuildFile; fileRef = 0686F8E02110ECF600687BA6 /* Main.storyboard */; };
		06CB631C2111AC33008DB103 /* Endpoints.swift in Sources */ = {isa = PBXBuildFile; fileRef = 06CB631B2111AC33008DB103 /* Endpoints.swift */; };
		06CB631F2111AE7F008DB103 /* Fox.swift in Sources */ = {isa = PBXBuildFile; fileRef = 06CB631E2111AE7F008DB103 /* Fox.swift */; };
/* End PBXBuildFile section */

/* Begin PBXFileReference section */
		0686F8D92110ECF600687BA6 /* MultiScheme.app */ = {isa = PBXFileReference; explicitFileType = wrapper.application; includeInIndex = 0; path = MultiScheme.app; sourceTree = BUILT_PRODUCTS_DIR; };
		0686F8DC2110ECF600687BA6 /* AppDelegate.swift */ = {isa = PBXFileReference; lastKnownFileType = sourcecode.swift; path = AppDelegate.swift; sourceTree = "<group>"; };
		0686F8DE2110ECF600687BA6 /* ViewController.swift */ = {isa = PBXFileReference; lastKnownFileType = sourcecode.swift; path = ViewController.swift; sourceTree = "<group>"; };
		0686F8E12110ECF600687BA6 /* Base */ = {isa = PBXFileReference; lastKnownFileType = file.storyboard; name = Base; path = Base.lproj/Main.storyboard; sourceTree = "<group>"; };
		0686F8E32110ECF700687BA6 /* Assets.xcassets */ = {isa = PBXFileReference; lastKnownFileType = folder.assetcatalog; path = Assets.xcassets; sourceTree = "<group>"; };
		0686F8E62110ECF700687BA6 /* Base */ = {isa = PBXFileReference; lastKnownFileType = file.storyboard; name = Base; path = Base.lproj/LaunchScreen.storyboard; sourceTree = "<group>"; };
		0686F8E82110ECF700687BA6 /* Info.plist */ = {isa = PBXFileReference; lastKnownFileType = text.plist.xml; path = Info.plist; sourceTree = "<group>"; };
		06AD372B2111BFAA0060AC67 /* MultiScheme Development.app */ = {isa = PBXFileReference; explicitFileType = wrapper.application; includeInIndex = 0; path = "MultiScheme Development.app"; sourceTree = BUILT_PRODUCTS_DIR; };
		06AD372C2111BFAA0060AC67 /* MultiScheme copy-Info.plist */ = {isa = PBXFileReference; lastKnownFileType = text.plist.xml; name = "MultiScheme copy-Info.plist"; path = "/Users/soul/Repository/iOS/derp/MultiScheme/MultiScheme copy-Info.plist"; sourceTree = "<absolute>"; };
		06CB631B2111AC33008DB103 /* Endpoints.swift */ = {isa = PBXFileReference; lastKnownFileType = sourcecode.swift; path = Endpoints.swift; sourceTree = "<group>"; };
		06CB631E2111AE7F008DB103 /* Fox.swift */ = {isa = PBXFileReference; lastKnownFileType = sourcecode.swift; path = Fox.swift; sourceTree = "<group>"; };
/* End PBXFileReference section */

/* Begin PBXFrameworksBuildPhase section */
		0686F8D62110ECF600687BA6 /* Frameworks */ = {
			isa = PBXFrameworksBuildPhase;
			buildActionMask = 2147483647;
			files = (
			);
			runOnlyForDeploymentPostprocessing = 0;
		};
		06AD37232111BFAA0060AC67 /* Frameworks */ = {
			isa = PBXFrameworksBuildPhase;
			buildActionMask = 2147483647;
			files = (
			);
			runOnlyForDeploymentPostprocessing = 0;
		};
/* End PBXFrameworksBuildPhase section */

/* Begin PBXGroup section */
		0686F8D02110ECF600687BA6 = {
			isa = PBXGroup;
			children = (
				0686F8DB2110ECF600687BA6 /* MultiScheme */,
				0686F8DA2110ECF600687BA6 /* Products */,
				06AD372C2111BFAA0060AC67 /* MultiScheme copy-Info.plist */,
			);
			sourceTree = "<group>";
		};
		0686F8DA2110ECF600687BA6 /* Products */ = {
			isa = PBXGroup;
			children = (
				0686F8D92110ECF600687BA6 /* MultiScheme.app */,
				06AD372B2111BFAA0060AC67 /* MultiScheme Development.app */,
			);
			name = Products;
			sourceTree = "<group>";
		};
		0686F8DB2110ECF600687BA6 /* MultiScheme */ = {
			isa = PBXGroup;
			children = (
				06CB631D2111AE75008DB103 /* Model */,
				06CB631A2111AC1B008DB103 /* Networking */,
				0686F8DC2110ECF600687BA6 /* AppDelegate.swift */,
				0686F8DE2110ECF600687BA6 /* ViewController.swift */,
				0686F8E02110ECF600687BA6 /* Main.storyboard */,
				0686F8E32110ECF700687BA6 /* Assets.xcassets */,
				0686F8E52110ECF700687BA6 /* LaunchScreen.storyboard */,
				0686F8E82110ECF700687BA6 /* Info.plist */,
			);
			path = MultiScheme;
			sourceTree = "<group>";
		};
		06CB631A2111AC1B008DB103 /* Networking */ = {
			isa = PBXGroup;
			children = (
				06CB631B2111AC33008DB103 /* Endpoints.swift */,
			);
			path = Networking;
			sourceTree = "<group>";
		};
		06CB631D2111AE75008DB103 /* Model */ = {
			isa = PBXGroup;
			children = (
				06CB631E2111AE7F008DB103 /* Fox.swift */,
			);
			path = Model;
			sourceTree = "<group>";
		};
/* End PBXGroup section */

/* Begin PBXNativeTarget section */
		0686F8D82110ECF600687BA6 /* MultiScheme */ = {
			isa = PBXNativeTarget;
			buildConfigurationList = 0686F8EB2110ECF700687BA6 /* Build configuration list for PBXNativeTarget "MultiScheme" */;
			buildPhases = (
				0686F8D52110ECF600687BA6 /* Sources */,
				0686F8D62110ECF600687BA6 /* Frameworks */,
				0686F8D72110ECF600687BA6 /* Resources */,
			);
			buildRules = (
			);
			dependencies = (
			);
			name = MultiScheme;
			productName = MultiScheme;
			productReference = 0686F8D92110ECF600687BA6 /* MultiScheme.app */;
			productType = "com.apple.product-type.application";
		};
		06AD371D2111BFAA0060AC67 /* MultiScheme Development */ = {
			isa = PBXNativeTarget;
			buildConfigurationList = 06AD37282111BFAA0060AC67 /* Build configuration list for PBXNativeTarget "MultiScheme Development" */;
			buildPhases = (
				06AD371E2111BFAA0060AC67 /* Sources */,
				06AD37232111BFAA0060AC67 /* Frameworks */,
				06AD37242111BFAA0060AC67 /* Resources */,
			);
			buildRules = (
			);
			dependencies = (
			);
			name = "MultiScheme Development";
			productName = MultiScheme;
			productReference = 06AD372B2111BFAA0060AC67 /* MultiScheme Development.app */;
			productType = "com.apple.product-type.application";
		};
/* End PBXNativeTarget section */

/* Begin PBXProject section */
		0686F8D12110ECF600687BA6 /* Project object */ = {
			isa = PBXProject;
			attributes = {
				LastSwiftUpdateCheck = 0940;
				LastUpgradeCheck = 0940;
				ORGANIZATIONNAME = Fluffy;
				TargetAttributes = {
					0686F8D82110ECF600687BA6 = {
						CreatedOnToolsVersion = 9.4.1;
					};
				};
			};
			buildConfigurationList = 0686F8D42110ECF600687BA6 /* Build configuration list for PBXProject "MultiScheme" */;
			compatibilityVersion = "Xcode 9.3";
			developmentRegion = en;
			hasScannedForEncodings = 0;
			knownRegions = (
				en,
				Base,
			);
			mainGroup = 0686F8D02110ECF600687BA6;
			productRefGroup = 0686F8DA2110ECF600687BA6 /* Products */;
			projectDirPath = "";
			projectRoot = "";
			targets = (
				0686F8D82110ECF600687BA6 /* MultiScheme */,
				06AD371D2111BFAA0060AC67 /* MultiScheme Development */,
			);
		};
/* End PBXProject section */

/* Begin PBXResourcesBuildPhase section */
		0686F8D72110ECF600687BA6 /* Resources */ = {
			isa = PBXResourcesBuildPhase;
			buildActionMask = 2147483647;
			files = (
				0686F8E72110ECF700687BA6 /* LaunchScreen.storyboard in Resources */,
				0686F8E42110ECF700687BA6 /* Assets.xcassets in Resources */,
				0686F8E22110ECF600687BA6 /* Main.storyboard in Resources */,
			);
			runOnlyForDeploymentPostprocessing = 0;
		};
		06AD37242111BFAA0060AC67 /* Resources */ = {
			isa = PBXResourcesBuildPhase;
			buildActionMask = 2147483647;
			files = (
				06AD37252111BFAA0060AC67 /* LaunchScreen.storyboard in Resources */,
				06AD37262111BFAA0060AC67 /* Assets.xcassets in Resources */,
				06AD37272111BFAA0060AC67 /* Main.storyboard in Resources */,
			);
			runOnlyForDeploymentPostprocessing = 0;
		};
/* End PBXResourcesBuildPhase section */

/* Begin PBXSourcesBuildPhase section */
		0686F8D52110ECF600687BA6 /* Sources */ = {
			isa = PBXSourcesBuildPhase;
			buildActionMask = 2147483647;
			files = (
				0686F8DF2110ECF600687BA6 /* ViewController.swift in Sources */,
				06CB631F2111AE7F008DB103 /* Fox.swift in Sources */,
				06CB631C2111AC33008DB103 /* Endpoints.swift in Sources */,
				0686F8DD2110ECF600687BA6 /* AppDelegate.swift in Sources */,
			);
			runOnlyForDeploymentPostprocessing = 0;
		};
		06AD371E2111BFAA0060AC67 /* Sources */ = {
			isa = PBXSourcesBuildPhase;
			buildActionMask = 2147483647;
			files = (
				06AD371F2111BFAA0060AC67 /* ViewController.swift in Sources */,
				06AD37202111BFAA0060AC67 /* Fox.swift in Sources */,
				06AD37212111BFAA0060AC67 /* Endpoints.swift in Sources */,
				06AD37222111BFAA0060AC67 /* AppDelegate.swift in Sources */,
			);
			runOnlyForDeploymentPostprocessing = 0;
		};
/* End PBXSourcesBuildPhase section */

/* Begin PBXVariantGroup section */
		0686F8E02110ECF600687BA6 /* Main.storyboard */ = {
			isa = PBXVariantGroup;
			children = (
				0686F8E12110ECF600687BA6 /* Base */,
			);
			name = Main.storyboard;
			sourceTree = "<group>";
		};
		0686F8E52110ECF700687BA6 /* LaunchScreen.storyboard */ = {
			isa = PBXVariantGroup;
			children = (
				0686F8E62110ECF700687BA6 /* Base */,
			);
			name = LaunchScreen.storyboard;
			sourceTree = "<group>";
		};
/* End PBXVariantGroup section */

/* Begin XCBuildConfiguration section */
		0686F8E92110ECF700687BA6 /* Debug */ = {
			isa = XCBuildConfiguration;
			buildSettings = {
				ALWAYS_SEARCH_USER_PATHS = NO;
				CLANG_ANALYZER_NONNULL = YES;
				CLANG_ANALYZER_NUMBER_OBJECT_CONVERSION = YES_AGGRESSIVE;
				CLANG_CXX_LANGUAGE_STANDARD = "gnu++14";
				CLANG_CXX_LIBRARY = "libc++";
				CLANG_ENABLE_MODULES = YES;
				CLANG_ENABLE_OBJC_ARC = YES;
				CLANG_ENABLE_OBJC_WEAK = YES;
				CLANG_WARN_BLOCK_CAPTURE_AUTORELEASING = YES;
				CLANG_WARN_BOOL_CONVERSION = YES;
				CLANG_WARN_COMMA = YES;
				CLANG_WARN_CONSTANT_CONVERSION = YES;
				CLANG_WARN_DEPRECATED_OBJC_IMPLEMENTATIONS = YES;
				CLANG_WARN_DIRECT_OBJC_ISA_USAGE = YES_ERROR;
				CLANG_WARN_DOCUMENTATION_COMMENTS = YES;
				CLANG_WARN_EMPTY_BODY = YES;
				CLANG_WARN_ENUM_CONVERSION = YES;
				CLANG_WARN_INFINITE_RECURSION = YES;
				CLANG_WARN_INT_CONVERSION = YES;
				CLANG_WARN_NON_LITERAL_NULL_CONVERSION = YES;
				CLANG_WARN_OBJC_IMPLICIT_RETAIN_SELF = YES;
				CLANG_WARN_OBJC_LITERAL_CONVERSION = YES;
				CLANG_WARN_OBJC_ROOT_CLASS = YES_ERROR;
				CLANG_WARN_RANGE_LOOP_ANALYSIS = YES;
				CLANG_WARN_STRICT_PROTOTYPES = YES;
				CLANG_WARN_SUSPICIOUS_MOVE = YES;
				CLANG_WARN_UNGUARDED_AVAILABILITY = YES_AGGRESSIVE;
				CLANG_WARN_UNREACHABLE_CODE = YES;
				CLANG_WARN__DUPLICATE_METHOD_MATCH = YES;
				CODE_SIGN_IDENTITY = "iPhone Developer";
				COPY_PHASE_STRIP = NO;
				DEBUG_INFORMATION_FORMAT = dwarf;
				ENABLE_STRICT_OBJC_MSGSEND = YES;
				ENABLE_TESTABILITY = YES;
				GCC_C_LANGUAGE_STANDARD = gnu11;
				GCC_DYNAMIC_NO_PIC = NO;
				GCC_NO_COMMON_BLOCKS = YES;
				GCC_OPTIMIZATION_LEVEL = 0;
				GCC_PREPROCESSOR_DEFINITIONS = (
					"DEBUG=1",
					"$(inherited)",
				);
				GCC_WARN_64_TO_32_BIT_CONVERSION = YES;
				GCC_WARN_ABOUT_RETURN_TYPE = YES_ERROR;
				GCC_WARN_UNDECLARED_SELECTOR = YES;
				GCC_WARN_UNINITIALIZED_AUTOS = YES_AGGRESSIVE;
				GCC_WARN_UNUSED_FUNCTION = YES;
				GCC_WARN_UNUSED_VARIABLE = YES;
				IPHONEOS_DEPLOYMENT_TARGET = 11.4;
				MTL_ENABLE_DEBUG_INFO = YES;
				ONLY_ACTIVE_ARCH = YES;
				SDKROOT = iphoneos;
				SWIFT_ACTIVE_COMPILATION_CONDITIONS = DEBUG;
				SWIFT_OPTIMIZATION_LEVEL = "-Onone";
			};
			name = Debug;
		};
		0686F8EA2110ECF700687BA6 /* Release */ = {
			isa = XCBuildConfiguration;
			buildSettings = {
				ALWAYS_SEARCH_USER_PATHS = NO;
				CLANG_ANALYZER_NONNULL = YES;
				CLANG_ANALYZER_NUMBER_OBJECT_CONVERSION = YES_AGGRESSIVE;
				CLANG_CXX_LANGUAGE_STANDARD = "gnu++14";
				CLANG_CXX_LIBRARY = "libc++";
				CLANG_ENABLE_MODULES = YES;
				CLANG_ENABLE_OBJC_ARC = YES;
				CLANG_ENABLE_OBJC_WEAK = YES;
				CLANG_WARN_BLOCK_CAPTURE_AUTORELEASING = YES;
				CLANG_WARN_BOOL_CONVERSION = YES;
				CLANG_WARN_COMMA = YES;
				CLANG_WARN_CONSTANT_CONVERSION = YES;
				CLANG_WARN_DEPRECATED_OBJC_IMPLEMENTATIONS = YES;
				CLANG_WARN_DIRECT_OBJC_ISA_USAGE = YES_ERROR;
				CLANG_WARN_DOCUMENTATION_COMMENTS = YES;
				CLANG_WARN_EMPTY_BODY = YES;
				CLANG_WARN_ENUM_CONVERSION = YES;
				CLANG_WARN_INFINITE_RECURSION = YES;
				CLANG_WARN_INT_CONVERSION = YES;
				CLANG_WARN_NON_LITERAL_NULL_CONVERSION = YES;
				CLANG_WARN_OBJC_IMPLICIT_RETAIN_SELF = YES;
				CLANG_WARN_OBJC_LITERAL_CONVERSION = YES;
				CLANG_WARN_OBJC_ROOT_CLASS = YES_ERROR;
				CLANG_WARN_RANGE_LOOP_ANALYSIS = YES;
				CLANG_WARN_STRICT_PROTOTYPES = YES;
				CLANG_WARN_SUSPICIOUS_MOVE = YES;
				CLANG_WARN_UNGUARDED_AVAILABILITY = YES_AGGRESSIVE;
				CLANG_WARN_UNREACHABLE_CODE = YES;
				CLANG_WARN__DUPLICATE_METHOD_MATCH = YES;
				CODE_SIGN_IDENTITY = "iPhone Developer";
				COPY_PHASE_STRIP = NO;
				DEBUG_INFORMATION_FORMAT = "dwarf-with-dsym";
				ENABLE_NS_ASSERTIONS = NO;
				ENABLE_STRICT_OBJC_MSGSEND = YES;
				GCC_C_LANGUAGE_STANDARD = gnu11;
				GCC_NO_COMMON_BLOCKS = YES;
				GCC_WARN_64_TO_32_BIT_CONVERSION = YES;
				GCC_WARN_ABOUT_RETURN_TYPE = YES_ERROR;
				GCC_WARN_UNDECLARED_SELECTOR = YES;
				GCC_WARN_UNINITIALIZED_AUTOS = YES_AGGRESSIVE;
				GCC_WARN_UNUSED_FUNCTION = YES;
				GCC_WARN_UNUSED_VARIABLE = YES;
				IPHONEOS_DEPLOYMENT_TARGET = 11.4;
				MTL_ENABLE_DEBUG_INFO = NO;
				SDKROOT = iphoneos;
				SWIFT_COMPILATION_MODE = wholemodule;
				SWIFT_OPTIMIZATION_LEVEL = "-O";
				VALIDATE_PRODUCT = YES;
			};
			name = Release;
		};
		0686F8EC2110ECF700687BA6 /* Debug */ = {
			isa = XCBuildConfiguration;
			buildSettings = {
				ASSETCATALOG_COMPILER_APPICON_NAME = AppIcon;
				CODE_SIGN_STYLE = Automatic;
				DEVELOPMENT_TEAM = "";
				INFOPLIST_FILE = MultiScheme/Info.plist;
				LD_RUNPATH_SEARCH_PATHS = (
					"$(inherited)",
					"@executable_path/Frameworks",
				);
				PRODUCT_BUNDLE_IDENTIFIER = es.fluffy.MultiScheme;
				PRODUCT_NAME = "$(TARGET_NAME)";
				SWIFT_VERSION = 4.0;
				TARGETED_DEVICE_FAMILY = "1,2";
			};
			name = Debug;
		};
		0686F8ED2110ECF700687BA6 /* Release */ = {
			isa = XCBuildConfiguration;
			buildSettings = {
				ASSETCATALOG_COMPILER_APPICON_NAME = AppIcon;
				CODE_SIGN_STYLE = Automatic;
				DEVELOPMENT_TEAM = "";
				INFOPLIST_FILE = MultiScheme/Info.plist;
				LD_RUNPATH_SEARCH_PATHS = (
					"$(inherited)",
					"@executable_path/Frameworks",
				);
				PRODUCT_BUNDLE_IDENTIFIER = es.fluffy.MultiScheme;
				PRODUCT_NAME = "$(TARGET_NAME)";
				SWIFT_VERSION = 4.0;
				TARGETED_DEVICE_FAMILY = "1,2";
			};
			name = Release;
		};
		06AD37292111BFAA0060AC67 /* Debug */ = {
			isa = XCBuildConfiguration;
			buildSettings = {
				ASSETCATALOG_COMPILER_APPICON_NAME = AppIconDevelopment;
				CODE_SIGN_STYLE = Automatic;
				DEVELOPMENT_TEAM = "";
				INFOPLIST_FILE = "MultiScheme copy-Info.plist";
				LD_RUNPATH_SEARCH_PATHS = (
					"$(inherited)",
					"@executable_path/Frameworks",
				);
				PRODUCT_BUNDLE_IDENTIFIER = es.fluffy.MultiSchemeDev;
				PRODUCT_NAME = "$(TARGET_NAME)";
				SWIFT_ACTIVE_COMPILATION_CONDITIONS = "DEBUG DEVELOPMENT";
				SWIFT_VERSION = 4.0;
				TARGETED_DEVICE_FAMILY = "1,2";
			};
			name = Debug;
		};
		06AD372A2111BFAA0060AC67 /* Release */ = {
			isa = XCBuildConfiguration;
			buildSettings = {
				ASSETCATALOG_COMPILER_APPICON_NAME = AppIconDevelopment;
				CODE_SIGN_STYLE = Automatic;
				DEVELOPMENT_TEAM = "";
				INFOPLIST_FILE = "MultiScheme copy-Info.plist";
				LD_RUNPATH_SEARCH_PATHS = (
					"$(inherited)",
					"@executable_path/Frameworks",
				);
				PRODUCT_BUNDLE_IDENTIFIER = es.fluffy.MultiSchemeDev;
				PRODUCT_NAME = "$(TARGET_NAME)";
				SWIFT_VERSION = 4.0;
				TARGETED_DEVICE_FAMILY = "1,2";
			};
			name = Release;
		};
/* End XCBuildConfiguration section */

/* Begin XCConfigurationList section */
		0686F8D42110ECF600687BA6 /* Build configuration list for PBXProject "MultiScheme" */ = {
			isa = XCConfigurationList;
			buildConfigurations = (
				0686F8E92110ECF700687BA6 /* Debug */,
				0686F8EA2110ECF700687BA6 /* Release */,
			);
			defaultConfigurationIsVisible = 0;
			defaultConfigurationName = Release;
		};
		0686F8EB2110ECF700687BA6 /* Build configuration list for PBXNativeTarget "MultiScheme" */ = {
			isa = XCConfigurationList;
			buildConfigurations = (
				0686F8EC2110ECF700687BA6 /* Debug */,
				0686F8ED2110ECF700687BA6 /* Release */,
			);
			defaultConfigurationIsVisible = 0;
			defaultConfigurationName = Release;
		};
		06AD37282111BFAA0060AC67 /* Build configuration list for PBXNativeTarget "MultiScheme Development" */ = {
			isa = XCConfigurationList;
			buildConfigurations = (
				06AD37292111BFAA0060AC67 /* Debug */,
				06AD372A2111BFAA0060AC67 /* Release */,
			);
			defaultConfigurationIsVisible = 0;
			defaultConfigurationName = Release;
		};
/* End XCConfigurationList section */
	};
	rootObject = 0686F8D12110ECF600687BA6 /* Project object */;
}
